
Microsoft Visual Studio Solution File, Format Version 12.00
# Visual Studio Version 17
VisualStudioVersion = 17.5.002.0
MinimumVisualStudioVersion = 10.0.40219.1
Project("{9A19103F-16F7-4668-BE54-9A1E7A4F7556}") = "CloudClient - Backup", "CloudClient - Backup.csproj", "{67C3D0B3-AE68-40C6-9249-9776955F2464}"
EndProject
Project("{9A19103F-16F7-4668-BE54-9A1E7A4F7556}") = "CloudClient", "CloudClient.csproj", "{A5332FE5-B8CD-44E0-BD12-D9745E129FEA}"
EndProject
Global
	GlobalSection(SolutionConfigurationPlatforms) = preSolution
		Debug|Any CPU = Debug|Any CPU
		Release|Any CPU = Release|Any CPU
	EndGlobalSection
	GlobalSection(ProjectConfigurationPlatforms) = postSolution
		{67C3D0B3-AE68-40C6-9249-9776955F2464}.Debug|Any CPU.ActiveCfg = Debug|Any CPU
		{67C3D0B3-AE68-40C6-9249-9776955F2464}.Debug|Any CPU.Build.0 = Debug|Any CPU
		{67C3D0B3-AE68-40C6-9249-9776955F2464}.Release|Any CPU.ActiveCfg = Release|Any CPU
		{67C3D0B3-AE68-40C6-9249-9776955F2464}.Release|Any CPU.Build.0 = Release|Any CPU
		{A5332FE5-B8CD-44E0-BD12-D9745E129FEA}.Debug|Any CPU.ActiveCfg = Debug|Any CPU
		{A5332FE5-B8CD-44E0-BD12-D9745E129FEA}.Debug|Any CPU.Build.0 = Debug|Any CPU
		{A5332FE5-B8CD-44E0-BD12-D9745E129FEA}.Release|Any CPU.ActiveCfg = Release|Any CPU
		{A5332FE5-B8CD-44E0-BD12-D9745E129FEA}.Release|Any CPU.Build.0 = Release|Any CPU
	EndGlobalSection
	GlobalSection(SolutionProperties) = preSolution
		HideSolutionNode = FALSE
	EndGlobalSection
	GlobalSection(ExtensibilityGlobals) = postSolution
		SolutionGuid = {A1492EC3-6580-498C-A76C-E4E4E9114900}
	EndGlobalSection
EndGlobal
