
Microsoft Visual Studio Solution File, Format Version 12.00
# Visual Studio Version 17
VisualStudioVersion = 17.1.32328.378
MinimumVisualStudioVersion = 10.0.40219.1
Project("{9A19103F-16F7-4668-BE54-9A1E7A4F7556}") = "Cloud", "Cloud\Cloud.csproj", "{390BEDCE-32AE-48DE-B6E8-ED133EA056CE}"
EndProject
Project("{9A19103F-16F7-4668-BE54-9A1E7A4F7556}") = "CloudBox", "..\CloudBox\CloudLibraries\CloudBox\CloudBox.csproj", "{F1D1A322-AF14-4593-89C1-4FEAE5EE380B}"
EndProject
Project("{9A19103F-16F7-4668-BE54-9A1E7A4F7556}") = "CloudSync", "..\CloudBox\CloudLibraries\CloudSync\CloudSync.csproj", "{F0CE9185-6E43-47F5-8A33-59FFBD458E0D}"
EndProject
Project("{9A19103F-16F7-4668-BE54-9A1E7A4F7556}") = "SecureStorage", "..\..\SecureStorage\SecureStorage.csproj", "{639E43A8-C798-456B-AA89-757F819B004A}"
EndProject
Project("{9A19103F-16F7-4668-BE54-9A1E7A4F7556}") = "EncryptedMessaging", "..\..\EncryptedMessaging\EncryptedMessaging\EncryptedMessaging.csproj", "{D3E33D9F-DCA5-4479-A5D0-1DFB1D277A91}"
EndProject
Project("{9A19103F-16F7-4668-BE54-9A1E7A4F7556}") = "CommunicationChannel", "..\..\EncryptedMessaging\CommunicationChannel\CommunicationChannel.csproj", "{A4645E55-BE37-41EC-B31E-079E1762BB8A}"
EndProject
Project("{9A19103F-16F7-4668-BE54-9A1E7A4F7556}") = "BackupLibrary", "..\..\AntiGit\Backup\BackupLibrary.csproj", "{4DFDCA0B-817D-4674-A7C6-6F448897D287}"
EndProject
Project("{9A19103F-16F7-4668-BE54-9A1E7A4F7556}") = "DataRedundancy", "..\..\AntiGit\DataRedundancy\DataRedundancy.csproj", "{D2CDF6E5-FC02-49A5-BC79-C2D437C8209A}"
EndProject
Project("{9A19103F-16F7-4668-BE54-9A1E7A4F7556}") = "AntiGitLibrary", "..\..\AntiGit\AntiGit\AntiGitLibrary.csproj", "{7D368FD3-4FA2-44C2-A7AF-C376C34AA888}"
EndProject
Project("{2150E333-8FDC-42A3-9474-1A3956D46DE8}") = "Elementi di soluzione", "Elementi di soluzione", "{9768E645-5BC5-436E-A2F2-DFD383FF636A}"
	ProjectSection(SolutionItems) = preProject
		LICENSE.md = LICENSE.md
		README.md = README.md
	EndProjectSection
EndProject
Project("{9A19103F-16F7-4668-BE54-9A1E7A4F7556}") = "SystemExtra", "..\..\SystemExtra\SystemExtra.csproj", "{29FBA976-A3C7-4D94-85E5-EBB28E814BE3}"
EndProject
Project("{9A19103F-16F7-4668-BE54-9A1E7A4F7556}") = "AppSync", "..\..\AppSync\AppSync.csproj", "{3113CA98-5888-4456-A368-2AC64CC0D434}"
EndProject
Project("{9A19103F-16F7-4668-BE54-9A1E7A4F7556}") = "UISupportGeneric", "..\..\UISupportGeneric\UISupportGeneric.csproj", "{2117F7F0-1462-4E73-B21C-CC395FE99095}"
EndProject
Project("{9A19103F-16F7-4668-BE54-9A1E7A4F7556}") = "UISupportRazor", "..\..\UISupportRazor\UISupportRazor.csproj", "{EB62BBBD-B26A-4C4E-AED7-AF365C7A4B76}"
EndProject
Project("{FAE04EC0-301F-11D3-BF4B-00C04F79EFBC}") = "CloudClient", "CloudClient\CloudClient.csproj", "{725BB614-06BF-490B-A65C-4C8F2AF02CA5}"
EndProject
Project("{FAE04EC0-301F-11D3-BF4B-00C04F79EFBC}") = "FullDuplexStreamSupport", "..\..\FullDuplexStreamSupport\FullDuplexStreamSupport.csproj", "{DFC6F69C-796B-498B-A35F-EA9D4E5EE5C3}"
EndProject
Global
	GlobalSection(SolutionConfigurationPlatforms) = preSolution
		Debug|Any CPU = Debug|Any CPU
		Debug|ARM = Debug|ARM
		Debug|ARM64 = Debug|ARM64
		Debug|x64 = Debug|x64
		Debug|x86 = Debug|x86
		Release|Any CPU = Release|Any CPU
		Release|ARM = Release|ARM
		Release|ARM64 = Release|ARM64
		Release|x64 = Release|x64
		Release|x86 = Release|x86
	EndGlobalSection
	GlobalSection(ProjectConfigurationPlatforms) = postSolution
		{390BEDCE-32AE-48DE-B6E8-ED133EA056CE}.Debug|Any CPU.ActiveCfg = Debug|Any CPU
		{390BEDCE-32AE-48DE-B6E8-ED133EA056CE}.Debug|Any CPU.Build.0 = Debug|Any CPU
		{390BEDCE-32AE-48DE-B6E8-ED133EA056CE}.Debug|ARM.ActiveCfg = Debug|Any CPU
		{390BEDCE-32AE-48DE-B6E8-ED133EA056CE}.Debug|ARM.Build.0 = Debug|Any CPU
		{390BEDCE-32AE-48DE-B6E8-ED133EA056CE}.Debug|ARM64.ActiveCfg = Debug|Any CPU
		{390BEDCE-32AE-48DE-B6E8-ED133EA056CE}.Debug|ARM64.Build.0 = Debug|Any CPU
		{390BEDCE-32AE-48DE-B6E8-ED133EA056CE}.Debug|x64.ActiveCfg = Debug|Any CPU
		{390BEDCE-32AE-48DE-B6E8-ED133EA056CE}.Debug|x64.Build.0 = Debug|Any CPU
		{390BEDCE-32AE-48DE-B6E8-ED133EA056CE}.Debug|x86.ActiveCfg = Debug|Any CPU
		{390BEDCE-32AE-48DE-B6E8-ED133EA056CE}.Debug|x86.Build.0 = Debug|Any CPU
		{390BEDCE-32AE-48DE-B6E8-ED133EA056CE}.Release|Any CPU.ActiveCfg = Release|Any CPU
		{390BEDCE-32AE-48DE-B6E8-ED133EA056CE}.Release|Any CPU.Build.0 = Release|Any CPU
		{390BEDCE-32AE-48DE-B6E8-ED133EA056CE}.Release|ARM.ActiveCfg = Release|Any CPU
		{390BEDCE-32AE-48DE-B6E8-ED133EA056CE}.Release|ARM.Build.0 = Release|Any CPU
		{390BEDCE-32AE-48DE-B6E8-ED133EA056CE}.Release|ARM64.ActiveCfg = Release|Any CPU
		{390BEDCE-32AE-48DE-B6E8-ED133EA056CE}.Release|ARM64.Build.0 = Release|Any CPU
		{390BEDCE-32AE-48DE-B6E8-ED133EA056CE}.Release|x64.ActiveCfg = Release|Any CPU
		{390BEDCE-32AE-48DE-B6E8-ED133EA056CE}.Release|x64.Build.0 = Release|Any CPU
		{390BEDCE-32AE-48DE-B6E8-ED133EA056CE}.Release|x86.ActiveCfg = Release|Any CPU
		{390BEDCE-32AE-48DE-B6E8-ED133EA056CE}.Release|x86.Build.0 = Release|Any CPU
		{F1D1A322-AF14-4593-89C1-4FEAE5EE380B}.Debug|Any CPU.ActiveCfg = Debug|Any CPU
		{F1D1A322-AF14-4593-89C1-4FEAE5EE380B}.Debug|Any CPU.Build.0 = Debug|Any CPU
		{F1D1A322-AF14-4593-89C1-4FEAE5EE380B}.Debug|ARM.ActiveCfg = Debug|Any CPU
		{F1D1A322-AF14-4593-89C1-4FEAE5EE380B}.Debug|ARM.Build.0 = Debug|Any CPU
		{F1D1A322-AF14-4593-89C1-4FEAE5EE380B}.Debug|ARM64.ActiveCfg = Debug|Any CPU
		{F1D1A322-AF14-4593-89C1-4FEAE5EE380B}.Debug|ARM64.Build.0 = Debug|Any CPU
		{F1D1A322-AF14-4593-89C1-4FEAE5EE380B}.Debug|x64.ActiveCfg = Debug|Any CPU
		{F1D1A322-AF14-4593-89C1-4FEAE5EE380B}.Debug|x64.Build.0 = Debug|Any CPU
		{F1D1A322-AF14-4593-89C1-4FEAE5EE380B}.Debug|x86.ActiveCfg = Debug|Any CPU
		{F1D1A322-AF14-4593-89C1-4FEAE5EE380B}.Debug|x86.Build.0 = Debug|Any CPU
		{F1D1A322-AF14-4593-89C1-4FEAE5EE380B}.Release|Any CPU.ActiveCfg = Release|Any CPU
		{F1D1A322-AF14-4593-89C1-4FEAE5EE380B}.Release|Any CPU.Build.0 = Release|Any CPU
		{F1D1A322-AF14-4593-89C1-4FEAE5EE380B}.Release|ARM.ActiveCfg = Release|Any CPU
		{F1D1A322-AF14-4593-89C1-4FEAE5EE380B}.Release|ARM.Build.0 = Release|Any CPU
		{F1D1A322-AF14-4593-89C1-4FEAE5EE380B}.Release|ARM64.ActiveCfg = Release|Any CPU
		{F1D1A322-AF14-4593-89C1-4FEAE5EE380B}.Release|ARM64.Build.0 = Release|Any CPU
		{F1D1A322-AF14-4593-89C1-4FEAE5EE380B}.Release|x64.ActiveCfg = Release|Any CPU
		{F1D1A322-AF14-4593-89C1-4FEAE5EE380B}.Release|x64.Build.0 = Release|Any CPU
		{F1D1A322-AF14-4593-89C1-4FEAE5EE380B}.Release|x86.ActiveCfg = Release|Any CPU
		{F1D1A322-AF14-4593-89C1-4FEAE5EE380B}.Release|x86.Build.0 = Release|Any CPU
		{F0CE9185-6E43-47F5-8A33-59FFBD458E0D}.Debug|Any CPU.ActiveCfg = Debug|Any CPU
		{F0CE9185-6E43-47F5-8A33-59FFBD458E0D}.Debug|Any CPU.Build.0 = Debug|Any CPU
		{F0CE9185-6E43-47F5-8A33-59FFBD458E0D}.Debug|ARM.ActiveCfg = Debug|Any CPU
		{F0CE9185-6E43-47F5-8A33-59FFBD458E0D}.Debug|ARM.Build.0 = Debug|Any CPU
		{F0CE9185-6E43-47F5-8A33-59FFBD458E0D}.Debug|ARM64.ActiveCfg = Debug|Any CPU
		{F0CE9185-6E43-47F5-8A33-59FFBD458E0D}.Debug|ARM64.Build.0 = Debug|Any CPU
		{F0CE9185-6E43-47F5-8A33-59FFBD458E0D}.Debug|x64.ActiveCfg = Debug|Any CPU
		{F0CE9185-6E43-47F5-8A33-59FFBD458E0D}.Debug|x64.Build.0 = Debug|Any CPU
		{F0CE9185-6E43-47F5-8A33-59FFBD458E0D}.Debug|x86.ActiveCfg = Debug|Any CPU
		{F0CE9185-6E43-47F5-8A33-59FFBD458E0D}.Debug|x86.Build.0 = Debug|Any CPU
		{F0CE9185-6E43-47F5-8A33-59FFBD458E0D}.Release|Any CPU.ActiveCfg = Release|Any CPU
		{F0CE9185-6E43-47F5-8A33-59FFBD458E0D}.Release|Any CPU.Build.0 = Release|Any CPU
		{F0CE9185-6E43-47F5-8A33-59FFBD458E0D}.Release|ARM.ActiveCfg = Release|Any CPU
		{F0CE9185-6E43-47F5-8A33-59FFBD458E0D}.Release|ARM.Build.0 = Release|Any CPU
		{F0CE9185-6E43-47F5-8A33-59FFBD458E0D}.Release|ARM64.ActiveCfg = Release|Any CPU
		{F0CE9185-6E43-47F5-8A33-59FFBD458E0D}.Release|ARM64.Build.0 = Release|Any CPU
		{F0CE9185-6E43-47F5-8A33-59FFBD458E0D}.Release|x64.ActiveCfg = Release|Any CPU
		{F0CE9185-6E43-47F5-8A33-59FFBD458E0D}.Release|x64.Build.0 = Release|Any CPU
		{F0CE9185-6E43-47F5-8A33-59FFBD458E0D}.Release|x86.ActiveCfg = Release|Any CPU
		{F0CE9185-6E43-47F5-8A33-59FFBD458E0D}.Release|x86.Build.0 = Release|Any CPU
		{639E43A8-C798-456B-AA89-757F819B004A}.Debug|Any CPU.ActiveCfg = Debug|Any CPU
		{639E43A8-C798-456B-AA89-757F819B004A}.Debug|Any CPU.Build.0 = Debug|Any CPU
		{639E43A8-C798-456B-AA89-757F819B004A}.Debug|ARM.ActiveCfg = Debug|Any CPU
		{639E43A8-C798-456B-AA89-757F819B004A}.Debug|ARM.Build.0 = Debug|Any CPU
		{639E43A8-C798-456B-AA89-757F819B004A}.Debug|ARM64.ActiveCfg = Debug|Any CPU
		{639E43A8-C798-456B-AA89-757F819B004A}.Debug|ARM64.Build.0 = Debug|Any CPU
		{639E43A8-C798-456B-AA89-757F819B004A}.Debug|x64.ActiveCfg = Debug|Any CPU
		{639E43A8-C798-456B-AA89-757F819B004A}.Debug|x64.Build.0 = Debug|Any CPU
		{639E43A8-C798-456B-AA89-757F819B004A}.Debug|x86.ActiveCfg = Debug|Any CPU
		{639E43A8-C798-456B-AA89-757F819B004A}.Debug|x86.Build.0 = Debug|Any CPU
		{639E43A8-C798-456B-AA89-757F819B004A}.Release|Any CPU.ActiveCfg = Release|Any CPU
		{639E43A8-C798-456B-AA89-757F819B004A}.Release|Any CPU.Build.0 = Release|Any CPU
		{639E43A8-C798-456B-AA89-757F819B004A}.Release|ARM.ActiveCfg = Release|Any CPU
		{639E43A8-C798-456B-AA89-757F819B004A}.Release|ARM.Build.0 = Release|Any CPU
		{639E43A8-C798-456B-AA89-757F819B004A}.Release|ARM64.ActiveCfg = Release|Any CPU
		{639E43A8-C798-456B-AA89-757F819B004A}.Release|ARM64.Build.0 = Release|Any CPU
		{639E43A8-C798-456B-AA89-757F819B004A}.Release|x64.ActiveCfg = Release|Any CPU
		{639E43A8-C798-456B-AA89-757F819B004A}.Release|x64.Build.0 = Release|Any CPU
		{639E43A8-C798-456B-AA89-757F819B004A}.Release|x86.ActiveCfg = Release|Any CPU
		{639E43A8-C798-456B-AA89-757F819B004A}.Release|x86.Build.0 = Release|Any CPU
		{D3E33D9F-DCA5-4479-A5D0-1DFB1D277A91}.Debug|Any CPU.ActiveCfg = Debug|Any CPU
		{D3E33D9F-DCA5-4479-A5D0-1DFB1D277A91}.Debug|Any CPU.Build.0 = Debug|Any CPU
		{D3E33D9F-DCA5-4479-A5D0-1DFB1D277A91}.Debug|ARM.ActiveCfg = Debug|Any CPU
		{D3E33D9F-DCA5-4479-A5D0-1DFB1D277A91}.Debug|ARM.Build.0 = Debug|Any CPU
		{D3E33D9F-DCA5-4479-A5D0-1DFB1D277A91}.Debug|ARM64.ActiveCfg = Debug|Any CPU
		{D3E33D9F-DCA5-4479-A5D0-1DFB1D277A91}.Debug|ARM64.Build.0 = Debug|Any CPU
		{D3E33D9F-DCA5-4479-A5D0-1DFB1D277A91}.Debug|x64.ActiveCfg = Debug|Any CPU
		{D3E33D9F-DCA5-4479-A5D0-1DFB1D277A91}.Debug|x64.Build.0 = Debug|Any CPU
		{D3E33D9F-DCA5-4479-A5D0-1DFB1D277A91}.Debug|x86.ActiveCfg = Debug|Any CPU
		{D3E33D9F-DCA5-4479-A5D0-1DFB1D277A91}.Debug|x86.Build.0 = Debug|Any CPU
		{D3E33D9F-DCA5-4479-A5D0-1DFB1D277A91}.Release|Any CPU.ActiveCfg = Release|Any CPU
		{D3E33D9F-DCA5-4479-A5D0-1DFB1D277A91}.Release|Any CPU.Build.0 = Release|Any CPU
		{D3E33D9F-DCA5-4479-A5D0-1DFB1D277A91}.Release|ARM.ActiveCfg = Release|Any CPU
		{D3E33D9F-DCA5-4479-A5D0-1DFB1D277A91}.Release|ARM.Build.0 = Release|Any CPU
		{D3E33D9F-DCA5-4479-A5D0-1DFB1D277A91}.Release|ARM64.ActiveCfg = Release|Any CPU
		{D3E33D9F-DCA5-4479-A5D0-1DFB1D277A91}.Release|ARM64.Build.0 = Release|Any CPU
		{D3E33D9F-DCA5-4479-A5D0-1DFB1D277A91}.Release|x64.ActiveCfg = Release|Any CPU
		{D3E33D9F-DCA5-4479-A5D0-1DFB1D277A91}.Release|x64.Build.0 = Release|Any CPU
		{D3E33D9F-DCA5-4479-A5D0-1DFB1D277A91}.Release|x86.ActiveCfg = Release|Any CPU
		{D3E33D9F-DCA5-4479-A5D0-1DFB1D277A91}.Release|x86.Build.0 = Release|Any CPU
		{A4645E55-BE37-41EC-B31E-079E1762BB8A}.Debug|Any CPU.ActiveCfg = Debug|Any CPU
		{A4645E55-BE37-41EC-B31E-079E1762BB8A}.Debug|Any CPU.Build.0 = Debug|Any CPU
		{A4645E55-BE37-41EC-B31E-079E1762BB8A}.Debug|ARM.ActiveCfg = Debug|Any CPU
		{A4645E55-BE37-41EC-B31E-079E1762BB8A}.Debug|ARM.Build.0 = Debug|Any CPU
		{A4645E55-BE37-41EC-B31E-079E1762BB8A}.Debug|ARM64.ActiveCfg = Debug|Any CPU
		{A4645E55-BE37-41EC-B31E-079E1762BB8A}.Debug|ARM64.Build.0 = Debug|Any CPU
		{A4645E55-BE37-41EC-B31E-079E1762BB8A}.Debug|x64.ActiveCfg = Debug|Any CPU
		{A4645E55-BE37-41EC-B31E-079E1762BB8A}.Debug|x64.Build.0 = Debug|Any CPU
		{A4645E55-BE37-41EC-B31E-079E1762BB8A}.Debug|x86.ActiveCfg = Debug|Any CPU
		{A4645E55-BE37-41EC-B31E-079E1762BB8A}.Debug|x86.Build.0 = Debug|Any CPU
		{A4645E55-BE37-41EC-B31E-079E1762BB8A}.Release|Any CPU.ActiveCfg = Release|Any CPU
		{A4645E55-BE37-41EC-B31E-079E1762BB8A}.Release|Any CPU.Build.0 = Release|Any CPU
		{A4645E55-BE37-41EC-B31E-079E1762BB8A}.Release|ARM.ActiveCfg = Release|Any CPU
		{A4645E55-BE37-41EC-B31E-079E1762BB8A}.Release|ARM.Build.0 = Release|Any CPU
		{A4645E55-BE37-41EC-B31E-079E1762BB8A}.Release|ARM64.ActiveCfg = Release|Any CPU
		{A4645E55-BE37-41EC-B31E-079E1762BB8A}.Release|ARM64.Build.0 = Release|Any CPU
		{A4645E55-BE37-41EC-B31E-079E1762BB8A}.Release|x64.ActiveCfg = Release|Any CPU
		{A4645E55-BE37-41EC-B31E-079E1762BB8A}.Release|x64.Build.0 = Release|Any CPU
		{A4645E55-BE37-41EC-B31E-079E1762BB8A}.Release|x86.ActiveCfg = Release|Any CPU
		{A4645E55-BE37-41EC-B31E-079E1762BB8A}.Release|x86.Build.0 = Release|Any CPU
		{4DFDCA0B-817D-4674-A7C6-6F448897D287}.Debug|Any CPU.ActiveCfg = Debug|Any CPU
		{4DFDCA0B-817D-4674-A7C6-6F448897D287}.Debug|Any CPU.Build.0 = Debug|Any CPU
		{4DFDCA0B-817D-4674-A7C6-6F448897D287}.Debug|ARM.ActiveCfg = Debug|Any CPU
		{4DFDCA0B-817D-4674-A7C6-6F448897D287}.Debug|ARM.Build.0 = Debug|Any CPU
		{4DFDCA0B-817D-4674-A7C6-6F448897D287}.Debug|ARM64.ActiveCfg = Debug|Any CPU
		{4DFDCA0B-817D-4674-A7C6-6F448897D287}.Debug|ARM64.Build.0 = Debug|Any CPU
		{4DFDCA0B-817D-4674-A7C6-6F448897D287}.Debug|x64.ActiveCfg = Debug|Any CPU
		{4DFDCA0B-817D-4674-A7C6-6F448897D287}.Debug|x64.Build.0 = Debug|Any CPU
		{4DFDCA0B-817D-4674-A7C6-6F448897D287}.Debug|x86.ActiveCfg = Debug|Any CPU
		{4DFDCA0B-817D-4674-A7C6-6F448897D287}.Debug|x86.Build.0 = Debug|Any CPU
		{4DFDCA0B-817D-4674-A7C6-6F448897D287}.Release|Any CPU.ActiveCfg = Release|Any CPU
		{4DFDCA0B-817D-4674-A7C6-6F448897D287}.Release|Any CPU.Build.0 = Release|Any CPU
		{4DFDCA0B-817D-4674-A7C6-6F448897D287}.Release|ARM.ActiveCfg = Release|Any CPU
		{4DFDCA0B-817D-4674-A7C6-6F448897D287}.Release|ARM.Build.0 = Release|Any CPU
		{4DFDCA0B-817D-4674-A7C6-6F448897D287}.Release|ARM64.ActiveCfg = Release|Any CPU
		{4DFDCA0B-817D-4674-A7C6-6F448897D287}.Release|ARM64.Build.0 = Release|Any CPU
		{4DFDCA0B-817D-4674-A7C6-6F448897D287}.Release|x64.ActiveCfg = Release|Any CPU
		{4DFDCA0B-817D-4674-A7C6-6F448897D287}.Release|x64.Build.0 = Release|Any CPU
		{4DFDCA0B-817D-4674-A7C6-6F448897D287}.Release|x86.ActiveCfg = Release|Any CPU
		{4DFDCA0B-817D-4674-A7C6-6F448897D287}.Release|x86.Build.0 = Release|Any CPU
		{D2CDF6E5-FC02-49A5-BC79-C2D437C8209A}.Debug|Any CPU.ActiveCfg = Debug|Any CPU
		{D2CDF6E5-FC02-49A5-BC79-C2D437C8209A}.Debug|Any CPU.Build.0 = Debug|Any CPU
		{D2CDF6E5-FC02-49A5-BC79-C2D437C8209A}.Debug|ARM.ActiveCfg = Debug|Any CPU
		{D2CDF6E5-FC02-49A5-BC79-C2D437C8209A}.Debug|ARM.Build.0 = Debug|Any CPU
		{D2CDF6E5-FC02-49A5-BC79-C2D437C8209A}.Debug|ARM64.ActiveCfg = Debug|Any CPU
		{D2CDF6E5-FC02-49A5-BC79-C2D437C8209A}.Debug|ARM64.Build.0 = Debug|Any CPU
		{D2CDF6E5-FC02-49A5-BC79-C2D437C8209A}.Debug|x64.ActiveCfg = Debug|Any CPU
		{D2CDF6E5-FC02-49A5-BC79-C2D437C8209A}.Debug|x64.Build.0 = Debug|Any CPU
		{D2CDF6E5-FC02-49A5-BC79-C2D437C8209A}.Debug|x86.ActiveCfg = Debug|Any CPU
		{D2CDF6E5-FC02-49A5-BC79-C2D437C8209A}.Debug|x86.Build.0 = Debug|Any CPU
		{D2CDF6E5-FC02-49A5-BC79-C2D437C8209A}.Release|Any CPU.ActiveCfg = Release|Any CPU
		{D2CDF6E5-FC02-49A5-BC79-C2D437C8209A}.Release|Any CPU.Build.0 = Release|Any CPU
		{D2CDF6E5-FC02-49A5-BC79-C2D437C8209A}.Release|ARM.ActiveCfg = Release|Any CPU
		{D2CDF6E5-FC02-49A5-BC79-C2D437C8209A}.Release|ARM.Build.0 = Release|Any CPU
		{D2CDF6E5-FC02-49A5-BC79-C2D437C8209A}.Release|ARM64.ActiveCfg = Release|Any CPU
		{D2CDF6E5-FC02-49A5-BC79-C2D437C8209A}.Release|ARM64.Build.0 = Release|Any CPU
		{D2CDF6E5-FC02-49A5-BC79-C2D437C8209A}.Release|x64.ActiveCfg = Release|Any CPU
		{D2CDF6E5-FC02-49A5-BC79-C2D437C8209A}.Release|x64.Build.0 = Release|Any CPU
		{D2CDF6E5-FC02-49A5-BC79-C2D437C8209A}.Release|x86.ActiveCfg = Release|Any CPU
		{D2CDF6E5-FC02-49A5-BC79-C2D437C8209A}.Release|x86.Build.0 = Release|Any CPU
		{7D368FD3-4FA2-44C2-A7AF-C376C34AA888}.Debug|Any CPU.ActiveCfg = Debug|Any CPU
		{7D368FD3-4FA2-44C2-A7AF-C376C34AA888}.Debug|Any CPU.Build.0 = Debug|Any CPU
		{7D368FD3-4FA2-44C2-A7AF-C376C34AA888}.Debug|ARM.ActiveCfg = Debug|Any CPU
		{7D368FD3-4FA2-44C2-A7AF-C376C34AA888}.Debug|ARM.Build.0 = Debug|Any CPU
		{7D368FD3-4FA2-44C2-A7AF-C376C34AA888}.Debug|ARM64.ActiveCfg = Debug|Any CPU
		{7D368FD3-4FA2-44C2-A7AF-C376C34AA888}.Debug|ARM64.Build.0 = Debug|Any CPU
		{7D368FD3-4FA2-44C2-A7AF-C376C34AA888}.Debug|x64.ActiveCfg = Debug|Any CPU
		{7D368FD3-4FA2-44C2-A7AF-C376C34AA888}.Debug|x64.Build.0 = Debug|Any CPU
		{7D368FD3-4FA2-44C2-A7AF-C376C34AA888}.Debug|x86.ActiveCfg = Debug|Any CPU
		{7D368FD3-4FA2-44C2-A7AF-C376C34AA888}.Debug|x86.Build.0 = Debug|Any CPU
		{7D368FD3-4FA2-44C2-A7AF-C376C34AA888}.Release|Any CPU.ActiveCfg = Release|Any CPU
		{7D368FD3-4FA2-44C2-A7AF-C376C34AA888}.Release|Any CPU.Build.0 = Release|Any CPU
		{7D368FD3-4FA2-44C2-A7AF-C376C34AA888}.Release|ARM.ActiveCfg = Release|Any CPU
		{7D368FD3-4FA2-44C2-A7AF-C376C34AA888}.Release|ARM.Build.0 = Release|Any CPU
		{7D368FD3-4FA2-44C2-A7AF-C376C34AA888}.Release|ARM64.ActiveCfg = Release|Any CPU
		{7D368FD3-4FA2-44C2-A7AF-C376C34AA888}.Release|ARM64.Build.0 = Release|Any CPU
		{7D368FD3-4FA2-44C2-A7AF-C376C34AA888}.Release|x64.ActiveCfg = Release|Any CPU
		{7D368FD3-4FA2-44C2-A7AF-C376C34AA888}.Release|x64.Build.0 = Release|Any CPU
		{7D368FD3-4FA2-44C2-A7AF-C376C34AA888}.Release|x86.ActiveCfg = Release|Any CPU
		{29FBA976-A3C7-4D94-85E5-EBB28E814BE3}.Debug|Any CPU.ActiveCfg = Debug|Any CPU
		{29FBA976-A3C7-4D94-85E5-EBB28E814BE3}.Debug|Any CPU.Build.0 = Debug|Any CPU
		{29FBA976-A3C7-4D94-85E5-EBB28E814BE3}.Debug|ARM.ActiveCfg = Debug|Any CPU
		{29FBA976-A3C7-4D94-85E5-EBB28E814BE3}.Debug|ARM.Build.0 = Debug|Any CPU
		{29FBA976-A3C7-4D94-85E5-EBB28E814BE3}.Debug|ARM64.ActiveCfg = Debug|Any CPU
		{29FBA976-A3C7-4D94-85E5-EBB28E814BE3}.Debug|ARM64.Build.0 = Debug|Any CPU
		{29FBA976-A3C7-4D94-85E5-EBB28E814BE3}.Debug|x64.ActiveCfg = Debug|Any CPU
		{29FBA976-A3C7-4D94-85E5-EBB28E814BE3}.Debug|x64.Build.0 = Debug|Any CPU
		{29FBA976-A3C7-4D94-85E5-EBB28E814BE3}.Debug|x86.ActiveCfg = Debug|Any CPU
		{29FBA976-A3C7-4D94-85E5-EBB28E814BE3}.Debug|x86.Build.0 = Debug|Any CPU
		{29FBA976-A3C7-4D94-85E5-EBB28E814BE3}.Release|Any CPU.ActiveCfg = Release|Any CPU
		{29FBA976-A3C7-4D94-85E5-EBB28E814BE3}.Release|Any CPU.Build.0 = Release|Any CPU
		{29FBA976-A3C7-4D94-85E5-EBB28E814BE3}.Release|ARM.ActiveCfg = Release|Any CPU
		{29FBA976-A3C7-4D94-85E5-EBB28E814BE3}.Release|ARM.Build.0 = Release|Any CPU
		{29FBA976-A3C7-4D94-85E5-EBB28E814BE3}.Release|ARM64.ActiveCfg = Release|Any CPU
		{29FBA976-A3C7-4D94-85E5-EBB28E814BE3}.Release|ARM64.Build.0 = Release|Any CPU
		{29FBA976-A3C7-4D94-85E5-EBB28E814BE3}.Release|x64.ActiveCfg = Release|Any CPU
		{29FBA976-A3C7-4D94-85E5-EBB28E814BE3}.Release|x64.Build.0 = Release|Any CPU
		{29FBA976-A3C7-4D94-85E5-EBB28E814BE3}.Release|x86.ActiveCfg = Release|Any CPU
		{29FBA976-A3C7-4D94-85E5-EBB28E814BE3}.Release|x86.Build.0 = Release|Any CPU
		{3113CA98-5888-4456-A368-2AC64CC0D434}.Debug|Any CPU.ActiveCfg = Debug|Any CPU
		{3113CA98-5888-4456-A368-2AC64CC0D434}.Debug|Any CPU.Build.0 = Debug|Any CPU
		{3113CA98-5888-4456-A368-2AC64CC0D434}.Debug|ARM.ActiveCfg = Debug|Any CPU
		{3113CA98-5888-4456-A368-2AC64CC0D434}.Debug|ARM.Build.0 = Debug|Any CPU
		{3113CA98-5888-4456-A368-2AC64CC0D434}.Debug|ARM64.ActiveCfg = Debug|Any CPU
		{3113CA98-5888-4456-A368-2AC64CC0D434}.Debug|ARM64.Build.0 = Debug|Any CPU
		{3113CA98-5888-4456-A368-2AC64CC0D434}.Debug|x64.ActiveCfg = Debug|Any CPU
		{3113CA98-5888-4456-A368-2AC64CC0D434}.Debug|x64.Build.0 = Debug|Any CPU
		{3113CA98-5888-4456-A368-2AC64CC0D434}.Debug|x86.ActiveCfg = Debug|Any CPU
		{3113CA98-5888-4456-A368-2AC64CC0D434}.Debug|x86.Build.0 = Debug|Any CPU
		{3113CA98-5888-4456-A368-2AC64CC0D434}.Release|Any CPU.ActiveCfg = Release|Any CPU
		{3113CA98-5888-4456-A368-2AC64CC0D434}.Release|Any CPU.Build.0 = Release|Any CPU
		{3113CA98-5888-4456-A368-2AC64CC0D434}.Release|ARM.ActiveCfg = Release|Any CPU
		{3113CA98-5888-4456-A368-2AC64CC0D434}.Release|ARM.Build.0 = Release|Any CPU
		{3113CA98-5888-4456-A368-2AC64CC0D434}.Release|ARM64.ActiveCfg = Release|Any CPU
		{3113CA98-5888-4456-A368-2AC64CC0D434}.Release|ARM64.Build.0 = Release|Any CPU
		{3113CA98-5888-4456-A368-2AC64CC0D434}.Release|x64.ActiveCfg = Release|Any CPU
		{3113CA98-5888-4456-A368-2AC64CC0D434}.Release|x64.Build.0 = Release|Any CPU
		{3113CA98-5888-4456-A368-2AC64CC0D434}.Release|x86.ActiveCfg = Release|Any CPU
		{3113CA98-5888-4456-A368-2AC64CC0D434}.Release|x86.Build.0 = Release|Any CPU
		{2117F7F0-1462-4E73-B21C-CC395FE99095}.Debug|Any CPU.ActiveCfg = Debug|Any CPU
		{2117F7F0-1462-4E73-B21C-CC395FE99095}.Debug|Any CPU.Build.0 = Debug|Any CPU
		{2117F7F0-1462-4E73-B21C-CC395FE99095}.Debug|ARM.ActiveCfg = Debug|Any CPU
		{2117F7F0-1462-4E73-B21C-CC395FE99095}.Debug|ARM.Build.0 = Debug|Any CPU
		{2117F7F0-1462-4E73-B21C-CC395FE99095}.Debug|ARM64.ActiveCfg = Debug|Any CPU
		{2117F7F0-1462-4E73-B21C-CC395FE99095}.Debug|ARM64.Build.0 = Debug|Any CPU
		{2117F7F0-1462-4E73-B21C-CC395FE99095}.Debug|x64.ActiveCfg = Debug|Any CPU
		{2117F7F0-1462-4E73-B21C-CC395FE99095}.Debug|x64.Build.0 = Debug|Any CPU
		{2117F7F0-1462-4E73-B21C-CC395FE99095}.Debug|x86.ActiveCfg = Debug|Any CPU
		{2117F7F0-1462-4E73-B21C-CC395FE99095}.Debug|x86.Build.0 = Debug|Any CPU
		{2117F7F0-1462-4E73-B21C-CC395FE99095}.Release|Any CPU.ActiveCfg = Release|Any CPU
		{2117F7F0-1462-4E73-B21C-CC395FE99095}.Release|Any CPU.Build.0 = Release|Any CPU
		{2117F7F0-1462-4E73-B21C-CC395FE99095}.Release|ARM.ActiveCfg = Release|Any CPU
		{2117F7F0-1462-4E73-B21C-CC395FE99095}.Release|ARM.Build.0 = Release|Any CPU
		{2117F7F0-1462-4E73-B21C-CC395FE99095}.Release|ARM64.ActiveCfg = Release|Any CPU
		{2117F7F0-1462-4E73-B21C-CC395FE99095}.Release|ARM64.Build.0 = Release|Any CPU
		{2117F7F0-1462-4E73-B21C-CC395FE99095}.Release|x64.ActiveCfg = Release|Any CPU
		{2117F7F0-1462-4E73-B21C-CC395FE99095}.Release|x64.Build.0 = Release|Any CPU
		{2117F7F0-1462-4E73-B21C-CC395FE99095}.Release|x86.ActiveCfg = Release|Any CPU
		{2117F7F0-1462-4E73-B21C-CC395FE99095}.Release|x86.Build.0 = Release|Any CPU
		{EB62BBBD-B26A-4C4E-AED7-AF365C7A4B76}.Debug|Any CPU.ActiveCfg = Debug|Any CPU
		{EB62BBBD-B26A-4C4E-AED7-AF365C7A4B76}.Debug|Any CPU.Build.0 = Debug|Any CPU
		{EB62BBBD-B26A-4C4E-AED7-AF365C7A4B76}.Debug|ARM.ActiveCfg = Debug|Any CPU
		{EB62BBBD-B26A-4C4E-AED7-AF365C7A4B76}.Debug|ARM.Build.0 = Debug|Any CPU
		{EB62BBBD-B26A-4C4E-AED7-AF365C7A4B76}.Debug|ARM64.ActiveCfg = Debug|Any CPU
		{EB62BBBD-B26A-4C4E-AED7-AF365C7A4B76}.Debug|ARM64.Build.0 = Debug|Any CPU
		{EB62BBBD-B26A-4C4E-AED7-AF365C7A4B76}.Debug|x64.ActiveCfg = Debug|Any CPU
		{EB62BBBD-B26A-4C4E-AED7-AF365C7A4B76}.Debug|x64.Build.0 = Debug|Any CPU
		{EB62BBBD-B26A-4C4E-AED7-AF365C7A4B76}.Debug|x86.ActiveCfg = Debug|Any CPU
		{EB62BBBD-B26A-4C4E-AED7-AF365C7A4B76}.Debug|x86.Build.0 = Debug|Any CPU
		{EB62BBBD-B26A-4C4E-AED7-AF365C7A4B76}.Release|Any CPU.ActiveCfg = Release|Any CPU
		{EB62BBBD-B26A-4C4E-AED7-AF365C7A4B76}.Release|Any CPU.Build.0 = Release|Any CPU
		{EB62BBBD-B26A-4C4E-AED7-AF365C7A4B76}.Release|ARM.ActiveCfg = Release|Any CPU
		{EB62BBBD-B26A-4C4E-AED7-AF365C7A4B76}.Release|ARM.Build.0 = Release|Any CPU
		{EB62BBBD-B26A-4C4E-AED7-AF365C7A4B76}.Release|ARM64.ActiveCfg = Release|Any CPU
		{EB62BBBD-B26A-4C4E-AED7-AF365C7A4B76}.Release|ARM64.Build.0 = Release|Any CPU
		{EB62BBBD-B26A-4C4E-AED7-AF365C7A4B76}.Release|x64.ActiveCfg = Release|Any CPU
		{EB62BBBD-B26A-4C4E-AED7-AF365C7A4B76}.Release|x64.Build.0 = Release|Any CPU
		{EB62BBBD-B26A-4C4E-AED7-AF365C7A4B76}.Release|x86.ActiveCfg = Release|Any CPU
		{EB62BBBD-B26A-4C4E-AED7-AF365C7A4B76}.Release|x86.Build.0 = Release|Any CPU
		{725BB614-06BF-490B-A65C-4C8F2AF02CA5}.Debug|Any CPU.ActiveCfg = Debug|Any CPU
		{725BB614-06BF-490B-A65C-4C8F2AF02CA5}.Debug|Any CPU.Build.0 = Debug|Any CPU
		{725BB614-06BF-490B-A65C-4C8F2AF02CA5}.Debug|ARM.ActiveCfg = Debug|Any CPU
		{725BB614-06BF-490B-A65C-4C8F2AF02CA5}.Debug|ARM.Build.0 = Debug|Any CPU
		{725BB614-06BF-490B-A65C-4C8F2AF02CA5}.Debug|ARM64.ActiveCfg = Debug|Any CPU
		{725BB614-06BF-490B-A65C-4C8F2AF02CA5}.Debug|ARM64.Build.0 = Debug|Any CPU
		{725BB614-06BF-490B-A65C-4C8F2AF02CA5}.Debug|x64.ActiveCfg = Debug|Any CPU
		{725BB614-06BF-490B-A65C-4C8F2AF02CA5}.Debug|x64.Build.0 = Debug|Any CPU
		{725BB614-06BF-490B-A65C-4C8F2AF02CA5}.Debug|x86.ActiveCfg = Debug|Any CPU
		{725BB614-06BF-490B-A65C-4C8F2AF02CA5}.Debug|x86.Build.0 = Debug|Any CPU
		{725BB614-06BF-490B-A65C-4C8F2AF02CA5}.Release|Any CPU.ActiveCfg = Release|Any CPU
		{725BB614-06BF-490B-A65C-4C8F2AF02CA5}.Release|Any CPU.Build.0 = Release|Any CPU
		{725BB614-06BF-490B-A65C-4C8F2AF02CA5}.Release|ARM.ActiveCfg = Release|Any CPU
		{725BB614-06BF-490B-A65C-4C8F2AF02CA5}.Release|ARM.Build.0 = Release|Any CPU
		{725BB614-06BF-490B-A65C-4C8F2AF02CA5}.Release|ARM64.ActiveCfg = Release|Any CPU
		{725BB614-06BF-490B-A65C-4C8F2AF02CA5}.Release|ARM64.Build.0 = Release|Any CPU
		{725BB614-06BF-490B-A65C-4C8F2AF02CA5}.Release|x64.ActiveCfg = Release|Any CPU
		{725BB614-06BF-490B-A65C-4C8F2AF02CA5}.Release|x64.Build.0 = Release|Any CPU
		{725BB614-06BF-490B-A65C-4C8F2AF02CA5}.Release|x86.ActiveCfg = Release|Any CPU
		{725BB614-06BF-490B-A65C-4C8F2AF02CA5}.Release|x86.Build.0 = Release|Any CPU
		{DFC6F69C-796B-498B-A35F-EA9D4E5EE5C3}.Debug|Any CPU.ActiveCfg = Debug|Any CPU
		{DFC6F69C-796B-498B-A35F-EA9D4E5EE5C3}.Debug|Any CPU.Build.0 = Debug|Any CPU
		{DFC6F69C-796B-498B-A35F-EA9D4E5EE5C3}.Debug|ARM.ActiveCfg = Debug|Any CPU
		{DFC6F69C-796B-498B-A35F-EA9D4E5EE5C3}.Debug|ARM.Build.0 = Debug|Any CPU
		{DFC6F69C-796B-498B-A35F-EA9D4E5EE5C3}.Debug|ARM64.ActiveCfg = Debug|Any CPU
		{DFC6F69C-796B-498B-A35F-EA9D4E5EE5C3}.Debug|ARM64.Build.0 = Debug|Any CPU
		{DFC6F69C-796B-498B-A35F-EA9D4E5EE5C3}.Debug|x64.ActiveCfg = Debug|Any CPU
		{DFC6F69C-796B-498B-A35F-EA9D4E5EE5C3}.Debug|x64.Build.0 = Debug|Any CPU
		{DFC6F69C-796B-498B-A35F-EA9D4E5EE5C3}.Debug|x86.ActiveCfg = Debug|Any CPU
		{DFC6F69C-796B-498B-A35F-EA9D4E5EE5C3}.Debug|x86.Build.0 = Debug|Any CPU
		{DFC6F69C-796B-498B-A35F-EA9D4E5EE5C3}.Release|Any CPU.ActiveCfg = Release|Any CPU
		{DFC6F69C-796B-498B-A35F-EA9D4E5EE5C3}.Release|Any CPU.Build.0 = Release|Any CPU
		{DFC6F69C-796B-498B-A35F-EA9D4E5EE5C3}.Release|ARM.ActiveCfg = Release|Any CPU
		{DFC6F69C-796B-498B-A35F-EA9D4E5EE5C3}.Release|ARM.Build.0 = Release|Any CPU
		{DFC6F69C-796B-498B-A35F-EA9D4E5EE5C3}.Release|ARM64.ActiveCfg = Release|Any CPU
		{DFC6F69C-796B-498B-A35F-EA9D4E5EE5C3}.Release|ARM64.Build.0 = Release|Any CPU
		{DFC6F69C-796B-498B-A35F-EA9D4E5EE5C3}.Release|x64.ActiveCfg = Release|Any CPU
		{DFC6F69C-796B-498B-A35F-EA9D4E5EE5C3}.Release|x64.Build.0 = Release|Any CPU
		{DFC6F69C-796B-498B-A35F-EA9D4E5EE5C3}.Release|x86.ActiveCfg = Release|Any CPU
		{DFC6F69C-796B-498B-A35F-EA9D4E5EE5C3}.Release|x86.Build.0 = Release|Any CPU
	EndGlobalSection
	GlobalSection(SolutionProperties) = preSolution
		HideSolutionNode = FALSE
	EndGlobalSection
	GlobalSection(ExtensibilityGlobals) = postSolution
		SolutionGuid = {A975BDD5-E73F-4D29-8038-F2B2080AAF10}
	EndGlobalSection
EndGlobal
