
Microsoft Visual Studio Solution File, Format Version 12.00
# Visual Studio Version 17
VisualStudioVersion = 17.1.32328.378
MinimumVisualStudioVersion = 10.0.40219.1
Project("{9A19103F-16F7-4668-BE54-9A1E7A4F7556}") = "Cloud", "Cloud\Cloud.csproj", "{390BEDCE-32AE-48DE-B6E8-ED133EA056CE}"
EndProject
Project("{9A19103F-16F7-4668-BE54-9A1E7A4F7556}") = "CloudBox", "..\CloudBox\CloudLibraries\CloudBox\CloudBox.csproj", "{F1D1A322-AF14-4593-89C1-4FEAE5EE380B}"
EndProject
Project("{9A19103F-16F7-4668-BE54-9A1E7A4F7556}") = "CloudSync", "..\CloudBox\CloudLibraries\CloudSync\CloudSync.csproj", "{F0CE9185-6E43-47F5-8A33-59FFBD458E0D}"
EndProject
Project("{9A19103F-16F7-4668-BE54-9A1E7A4F7556}") = "SecureStorage", "..\..\SecureStorage\SecureStorage.csproj", "{639E43A8-C798-456B-AA89-757F819B004A}"
EndProject
Project("{9A19103F-16F7-4668-BE54-9A1E7A4F7556}") = "EncryptedMessaging", "..\..\EncryptedMessaging\EncryptedMessaging\EncryptedMessaging.csproj", "{D3E33D9F-DCA5-4479-A5D0-1DFB1D277A91}"
EndProject
Project("{9A19103F-16F7-4668-BE54-9A1E7A4F7556}") = "CommunicationChannel", "..\..\EncryptedMessaging\CommunicationChannel\CommunicationChannel.csproj", "{A4645E55-BE37-41EC-B31E-079E1762BB8A}"
EndProject
Project("{9A19103F-16F7-4668-BE54-9A1E7A4F7556}") = "BackupLibrary", "..\..\AntiGit\Backup\BackupLibrary.csproj", "{4DFDCA0B-817D-4674-A7C6-6F448897D287}"
EndProject
Project("{9A19103F-16F7-4668-BE54-9A1E7A4F7556}") = "DataRedundancy", "..\..\AntiGit\DataRedundancy\DataRedundancy.csproj", "{D2CDF6E5-FC02-49A5-BC79-C2D437C8209A}"
EndProject
Project("{9A19103F-16F7-4668-BE54-9A1E7A4F7556}") = "AntiGitLibrary", "..\..\AntiGit\AntiGit\AntiGitLibrary.csproj", "{7D368FD3-4FA2-44C2-A7AF-C376C34AA888}"
EndProject
Project("{2150E333-8FDC-42A3-9474-1A3956D46DE8}") = "Elementi di soluzione", "Elementi di soluzione", "{9768E645-5BC5-436E-A2F2-DFD383FF636A}"
	ProjectSection(SolutionItems) = preProject
		LICENSE.md = LICENSE.md
		README.md = README.md
	EndProjectSection
EndProject
Global
	GlobalSection(SolutionConfigurationPlatforms) = preSolution
		DEBUG_A|Any CPU = DEBUG_A|Any CPU
		DEBUG_ALI|Any CPU = DEBUG_ALI|Any CPU
		DEBUG_AND|Any CPU = DEBUG_AND|Any CPU
		DEBUG_B|Any CPU = DEBUG_B|Any CPU
		DEBUG_FAI|Any CPU = DEBUG_FAI|Any CPU
		DEBUG_MUS|Any CPU = DEBUG_MUS|Any CPU
		DEBUG_RAM_SOCIAL|Any CPU = DEBUG_RAM_SOCIAL|Any CPU
		DEBUG_RAM|Any CPU = DEBUG_RAM|Any CPU
		DEBUG_ZUB|Any CPU = DEBUG_ZUB|Any CPU
		Debug|Any CPU = Debug|Any CPU
		DebugMac|Any CPU = DebugMac|Any CPU
		rDebug|Any CPU = rDebug|Any CPU
		Release|Any CPU = Release|Any CPU
		ReleaseMac|Any CPU = ReleaseMac|Any CPU
		Test|Any CPU = Test|Any CPU
	EndGlobalSection
	GlobalSection(ProjectConfigurationPlatforms) = postSolution
		{390BEDCE-32AE-48DE-B6E8-ED133EA056CE}.DEBUG_A|Any CPU.ActiveCfg = Debug|Any CPU
		{390BEDCE-32AE-48DE-B6E8-ED133EA056CE}.DEBUG_A|Any CPU.Build.0 = Debug|Any CPU
		{390BEDCE-32AE-48DE-B6E8-ED133EA056CE}.DEBUG_ALI|Any CPU.ActiveCfg = Debug|Any CPU
		{390BEDCE-32AE-48DE-B6E8-ED133EA056CE}.DEBUG_ALI|Any CPU.Build.0 = Debug|Any CPU
		{390BEDCE-32AE-48DE-B6E8-ED133EA056CE}.DEBUG_AND|Any CPU.ActiveCfg = Debug|Any CPU
		{390BEDCE-32AE-48DE-B6E8-ED133EA056CE}.DEBUG_AND|Any CPU.Build.0 = Debug|Any CPU
		{390BEDCE-32AE-48DE-B6E8-ED133EA056CE}.DEBUG_B|Any CPU.ActiveCfg = Debug|Any CPU
		{390BEDCE-32AE-48DE-B6E8-ED133EA056CE}.DEBUG_B|Any CPU.Build.0 = Debug|Any CPU
		{390BEDCE-32AE-48DE-B6E8-ED133EA056CE}.DEBUG_FAI|Any CPU.ActiveCfg = Debug|Any CPU
		{390BEDCE-32AE-48DE-B6E8-ED133EA056CE}.DEBUG_FAI|Any CPU.Build.0 = Debug|Any CPU
		{390BEDCE-32AE-48DE-B6E8-ED133EA056CE}.DEBUG_MUS|Any CPU.ActiveCfg = Debug|Any CPU
		{390BEDCE-32AE-48DE-B6E8-ED133EA056CE}.DEBUG_MUS|Any CPU.Build.0 = Debug|Any CPU
		{390BEDCE-32AE-48DE-B6E8-ED133EA056CE}.DEBUG_RAM_SOCIAL|Any CPU.ActiveCfg = Debug|Any CPU
		{390BEDCE-32AE-48DE-B6E8-ED133EA056CE}.DEBUG_RAM_SOCIAL|Any CPU.Build.0 = Debug|Any CPU
		{390BEDCE-32AE-48DE-B6E8-ED133EA056CE}.DEBUG_RAM|Any CPU.ActiveCfg = Debug|Any CPU
		{390BEDCE-32AE-48DE-B6E8-ED133EA056CE}.DEBUG_RAM|Any CPU.Build.0 = Debug|Any CPU
		{390BEDCE-32AE-48DE-B6E8-ED133EA056CE}.DEBUG_ZUB|Any CPU.ActiveCfg = Debug|Any CPU
		{390BEDCE-32AE-48DE-B6E8-ED133EA056CE}.DEBUG_ZUB|Any CPU.Build.0 = Debug|Any CPU
		{390BEDCE-32AE-48DE-B6E8-ED133EA056CE}.Debug|Any CPU.ActiveCfg = Debug|Any CPU
		{390BEDCE-32AE-48DE-B6E8-ED133EA056CE}.Debug|Any CPU.Build.0 = Debug|Any CPU
		{390BEDCE-32AE-48DE-B6E8-ED133EA056CE}.DebugMac|Any CPU.ActiveCfg = Debug|Any CPU
		{390BEDCE-32AE-48DE-B6E8-ED133EA056CE}.DebugMac|Any CPU.Build.0 = Debug|Any CPU
		{390BEDCE-32AE-48DE-B6E8-ED133EA056CE}.rDebug|Any CPU.ActiveCfg = Debug|Any CPU
		{390BEDCE-32AE-48DE-B6E8-ED133EA056CE}.rDebug|Any CPU.Build.0 = Debug|Any CPU
		{390BEDCE-32AE-48DE-B6E8-ED133EA056CE}.Release|Any CPU.ActiveCfg = Release|Any CPU
		{390BEDCE-32AE-48DE-B6E8-ED133EA056CE}.Release|Any CPU.Build.0 = Release|Any CPU
		{390BEDCE-32AE-48DE-B6E8-ED133EA056CE}.ReleaseMac|Any CPU.ActiveCfg = Release|Any CPU
		{390BEDCE-32AE-48DE-B6E8-ED133EA056CE}.ReleaseMac|Any CPU.Build.0 = Release|Any CPU
		{390BEDCE-32AE-48DE-B6E8-ED133EA056CE}.Test|Any CPU.ActiveCfg = Release|Any CPU
		{390BEDCE-32AE-48DE-B6E8-ED133EA056CE}.Test|Any CPU.Build.0 = Release|Any CPU
		{F1D1A322-AF14-4593-89C1-4FEAE5EE380B}.DEBUG_A|Any CPU.ActiveCfg = DEBUG_AND|Any CPU
		{F1D1A322-AF14-4593-89C1-4FEAE5EE380B}.DEBUG_A|Any CPU.Build.0 = DEBUG_AND|Any CPU
		{F1D1A322-AF14-4593-89C1-4FEAE5EE380B}.DEBUG_ALI|Any CPU.ActiveCfg = DEBUG_AND|Any CPU
		{F1D1A322-AF14-4593-89C1-4FEAE5EE380B}.DEBUG_ALI|Any CPU.Build.0 = DEBUG_AND|Any CPU
		{F1D1A322-AF14-4593-89C1-4FEAE5EE380B}.DEBUG_AND|Any CPU.ActiveCfg = DEBUG_AND|Any CPU
		{F1D1A322-AF14-4593-89C1-4FEAE5EE380B}.DEBUG_AND|Any CPU.Build.0 = DEBUG_AND|Any CPU
		{F1D1A322-AF14-4593-89C1-4FEAE5EE380B}.DEBUG_B|Any CPU.ActiveCfg = DEBUG_AND|Any CPU
		{F1D1A322-AF14-4593-89C1-4FEAE5EE380B}.DEBUG_B|Any CPU.Build.0 = DEBUG_AND|Any CPU
		{F1D1A322-AF14-4593-89C1-4FEAE5EE380B}.DEBUG_FAI|Any CPU.ActiveCfg = DEBUG_AND|Any CPU
		{F1D1A322-AF14-4593-89C1-4FEAE5EE380B}.DEBUG_FAI|Any CPU.Build.0 = DEBUG_AND|Any CPU
		{F1D1A322-AF14-4593-89C1-4FEAE5EE380B}.DEBUG_MUS|Any CPU.ActiveCfg = DEBUG_AND|Any CPU
		{F1D1A322-AF14-4593-89C1-4FEAE5EE380B}.DEBUG_MUS|Any CPU.Build.0 = DEBUG_AND|Any CPU
		{F1D1A322-AF14-4593-89C1-4FEAE5EE380B}.DEBUG_RAM_SOCIAL|Any CPU.ActiveCfg = DEBUG_AND|Any CPU
		{F1D1A322-AF14-4593-89C1-4FEAE5EE380B}.DEBUG_RAM_SOCIAL|Any CPU.Build.0 = DEBUG_AND|Any CPU
		{F1D1A322-AF14-4593-89C1-4FEAE5EE380B}.DEBUG_RAM|Any CPU.ActiveCfg = DEBUG_AND|Any CPU
		{F1D1A322-AF14-4593-89C1-4FEAE5EE380B}.DEBUG_RAM|Any CPU.Build.0 = DEBUG_AND|Any CPU
		{F1D1A322-AF14-4593-89C1-4FEAE5EE380B}.DEBUG_ZUB|Any CPU.ActiveCfg = DEBUG_AND|Any CPU
		{F1D1A322-AF14-4593-89C1-4FEAE5EE380B}.DEBUG_ZUB|Any CPU.Build.0 = DEBUG_AND|Any CPU
		{F1D1A322-AF14-4593-89C1-4FEAE5EE380B}.Debug|Any CPU.ActiveCfg = Debug|Any CPU
		{F1D1A322-AF14-4593-89C1-4FEAE5EE380B}.Debug|Any CPU.Build.0 = Debug|Any CPU
		{F1D1A322-AF14-4593-89C1-4FEAE5EE380B}.DebugMac|Any CPU.ActiveCfg = DEBUG_AND|Any CPU
		{F1D1A322-AF14-4593-89C1-4FEAE5EE380B}.DebugMac|Any CPU.Build.0 = DEBUG_AND|Any CPU
		{F1D1A322-AF14-4593-89C1-4FEAE5EE380B}.rDebug|Any CPU.ActiveCfg = Debug|Any CPU
		{F1D1A322-AF14-4593-89C1-4FEAE5EE380B}.rDebug|Any CPU.Build.0 = Debug|Any CPU
		{F1D1A322-AF14-4593-89C1-4FEAE5EE380B}.Release|Any CPU.ActiveCfg = Release|Any CPU
		{F1D1A322-AF14-4593-89C1-4FEAE5EE380B}.Release|Any CPU.Build.0 = Release|Any CPU
		{F1D1A322-AF14-4593-89C1-4FEAE5EE380B}.ReleaseMac|Any CPU.ActiveCfg = Release|Any CPU
		{F1D1A322-AF14-4593-89C1-4FEAE5EE380B}.ReleaseMac|Any CPU.Build.0 = Release|Any CPU
		{F1D1A322-AF14-4593-89C1-4FEAE5EE380B}.Test|Any CPU.ActiveCfg = Release|Any CPU
		{F1D1A322-AF14-4593-89C1-4FEAE5EE380B}.Test|Any CPU.Build.0 = Release|Any CPU
		{F0CE9185-6E43-47F5-8A33-59FFBD458E0D}.DEBUG_A|Any CPU.ActiveCfg = DEBUG_AND|Any CPU
		{F0CE9185-6E43-47F5-8A33-59FFBD458E0D}.DEBUG_A|Any CPU.Build.0 = DEBUG_AND|Any CPU
		{F0CE9185-6E43-47F5-8A33-59FFBD458E0D}.DEBUG_ALI|Any CPU.ActiveCfg = DEBUG_AND|Any CPU
		{F0CE9185-6E43-47F5-8A33-59FFBD458E0D}.DEBUG_ALI|Any CPU.Build.0 = DEBUG_AND|Any CPU
		{F0CE9185-6E43-47F5-8A33-59FFBD458E0D}.DEBUG_AND|Any CPU.ActiveCfg = DEBUG_AND|Any CPU
		{F0CE9185-6E43-47F5-8A33-59FFBD458E0D}.DEBUG_AND|Any CPU.Build.0 = DEBUG_AND|Any CPU
		{F0CE9185-6E43-47F5-8A33-59FFBD458E0D}.DEBUG_B|Any CPU.ActiveCfg = DEBUG_AND|Any CPU
		{F0CE9185-6E43-47F5-8A33-59FFBD458E0D}.DEBUG_B|Any CPU.Build.0 = DEBUG_AND|Any CPU
		{F0CE9185-6E43-47F5-8A33-59FFBD458E0D}.DEBUG_FAI|Any CPU.ActiveCfg = DEBUG_AND|Any CPU
		{F0CE9185-6E43-47F5-8A33-59FFBD458E0D}.DEBUG_FAI|Any CPU.Build.0 = DEBUG_AND|Any CPU
		{F0CE9185-6E43-47F5-8A33-59FFBD458E0D}.DEBUG_MUS|Any CPU.ActiveCfg = DEBUG_AND|Any CPU
		{F0CE9185-6E43-47F5-8A33-59FFBD458E0D}.DEBUG_MUS|Any CPU.Build.0 = DEBUG_AND|Any CPU
		{F0CE9185-6E43-47F5-8A33-59FFBD458E0D}.DEBUG_RAM_SOCIAL|Any CPU.ActiveCfg = DEBUG_AND|Any CPU
		{F0CE9185-6E43-47F5-8A33-59FFBD458E0D}.DEBUG_RAM_SOCIAL|Any CPU.Build.0 = DEBUG_AND|Any CPU
		{F0CE9185-6E43-47F5-8A33-59FFBD458E0D}.DEBUG_RAM|Any CPU.ActiveCfg = DEBUG_AND|Any CPU
		{F0CE9185-6E43-47F5-8A33-59FFBD458E0D}.DEBUG_RAM|Any CPU.Build.0 = DEBUG_AND|Any CPU
		{F0CE9185-6E43-47F5-8A33-59FFBD458E0D}.DEBUG_ZUB|Any CPU.ActiveCfg = DEBUG_AND|Any CPU
		{F0CE9185-6E43-47F5-8A33-59FFBD458E0D}.DEBUG_ZUB|Any CPU.Build.0 = DEBUG_AND|Any CPU
		{F0CE9185-6E43-47F5-8A33-59FFBD458E0D}.Debug|Any CPU.ActiveCfg = Debug|Any CPU
		{F0CE9185-6E43-47F5-8A33-59FFBD458E0D}.Debug|Any CPU.Build.0 = Debug|Any CPU
		{F0CE9185-6E43-47F5-8A33-59FFBD458E0D}.DebugMac|Any CPU.ActiveCfg = DEBUG_AND|Any CPU
		{F0CE9185-6E43-47F5-8A33-59FFBD458E0D}.DebugMac|Any CPU.Build.0 = DEBUG_AND|Any CPU
		{F0CE9185-6E43-47F5-8A33-59FFBD458E0D}.rDebug|Any CPU.ActiveCfg = Debug|Any CPU
		{F0CE9185-6E43-47F5-8A33-59FFBD458E0D}.rDebug|Any CPU.Build.0 = Debug|Any CPU
		{F0CE9185-6E43-47F5-8A33-59FFBD458E0D}.Release|Any CPU.ActiveCfg = Release|Any CPU
		{F0CE9185-6E43-47F5-8A33-59FFBD458E0D}.Release|Any CPU.Build.0 = Release|Any CPU
		{F0CE9185-6E43-47F5-8A33-59FFBD458E0D}.ReleaseMac|Any CPU.ActiveCfg = Release|Any CPU
		{F0CE9185-6E43-47F5-8A33-59FFBD458E0D}.ReleaseMac|Any CPU.Build.0 = Release|Any CPU
		{F0CE9185-6E43-47F5-8A33-59FFBD458E0D}.Test|Any CPU.ActiveCfg = Release|Any CPU
		{F0CE9185-6E43-47F5-8A33-59FFBD458E0D}.Test|Any CPU.Build.0 = Release|Any CPU
		{639E43A8-C798-456B-AA89-757F819B004A}.DEBUG_A|Any CPU.ActiveCfg = DEBUG_A|Any CPU
		{639E43A8-C798-456B-AA89-757F819B004A}.DEBUG_A|Any CPU.Build.0 = DEBUG_A|Any CPU
		{639E43A8-C798-456B-AA89-757F819B004A}.DEBUG_ALI|Any CPU.ActiveCfg = DEBUG_ALI|Any CPU
		{639E43A8-C798-456B-AA89-757F819B004A}.DEBUG_ALI|Any CPU.Build.0 = DEBUG_ALI|Any CPU
		{639E43A8-C798-456B-AA89-757F819B004A}.DEBUG_AND|Any CPU.ActiveCfg = DEBUG_AND|Any CPU
		{639E43A8-C798-456B-AA89-757F819B004A}.DEBUG_AND|Any CPU.Build.0 = DEBUG_AND|Any CPU
		{639E43A8-C798-456B-AA89-757F819B004A}.DEBUG_B|Any CPU.ActiveCfg = DEBUG_B|Any CPU
		{639E43A8-C798-456B-AA89-757F819B004A}.DEBUG_B|Any CPU.Build.0 = DEBUG_B|Any CPU
		{639E43A8-C798-456B-AA89-757F819B004A}.DEBUG_FAI|Any CPU.ActiveCfg = DEBUG_FAI|Any CPU
		{639E43A8-C798-456B-AA89-757F819B004A}.DEBUG_FAI|Any CPU.Build.0 = DEBUG_FAI|Any CPU
		{639E43A8-C798-456B-AA89-757F819B004A}.DEBUG_MUS|Any CPU.ActiveCfg = DEBUG_MUS|Any CPU
		{639E43A8-C798-456B-AA89-757F819B004A}.DEBUG_MUS|Any CPU.Build.0 = DEBUG_MUS|Any CPU
		{639E43A8-C798-456B-AA89-757F819B004A}.DEBUG_RAM_SOCIAL|Any CPU.ActiveCfg = DEBUG_RAM_SOCIAL|Any CPU
		{639E43A8-C798-456B-AA89-757F819B004A}.DEBUG_RAM_SOCIAL|Any CPU.Build.0 = DEBUG_RAM_SOCIAL|Any CPU
		{639E43A8-C798-456B-AA89-757F819B004A}.DEBUG_RAM|Any CPU.ActiveCfg = DEBUG_RAM|Any CPU
		{639E43A8-C798-456B-AA89-757F819B004A}.DEBUG_RAM|Any CPU.Build.0 = DEBUG_RAM|Any CPU
		{639E43A8-C798-456B-AA89-757F819B004A}.DEBUG_ZUB|Any CPU.ActiveCfg = DEBUG_ZUB|Any CPU
		{639E43A8-C798-456B-AA89-757F819B004A}.DEBUG_ZUB|Any CPU.Build.0 = DEBUG_ZUB|Any CPU
		{639E43A8-C798-456B-AA89-757F819B004A}.Debug|Any CPU.ActiveCfg = Debug|Any CPU
		{639E43A8-C798-456B-AA89-757F819B004A}.Debug|Any CPU.Build.0 = Debug|Any CPU
		{639E43A8-C798-456B-AA89-757F819B004A}.DebugMac|Any CPU.ActiveCfg = DEBUG_ZUB|Any CPU
		{639E43A8-C798-456B-AA89-757F819B004A}.DebugMac|Any CPU.Build.0 = DEBUG_ZUB|Any CPU
		{639E43A8-C798-456B-AA89-757F819B004A}.rDebug|Any CPU.ActiveCfg = rDebug|Any CPU
		{639E43A8-C798-456B-AA89-757F819B004A}.rDebug|Any CPU.Build.0 = rDebug|Any CPU
		{639E43A8-C798-456B-AA89-757F819B004A}.Release|Any CPU.ActiveCfg = Release|Any CPU
		{639E43A8-C798-456B-AA89-757F819B004A}.Release|Any CPU.Build.0 = Release|Any CPU
		{639E43A8-C798-456B-AA89-757F819B004A}.ReleaseMac|Any CPU.ActiveCfg = Release|Any CPU
		{639E43A8-C798-456B-AA89-757F819B004A}.ReleaseMac|Any CPU.Build.0 = Release|Any CPU
		{639E43A8-C798-456B-AA89-757F819B004A}.Test|Any CPU.ActiveCfg = Release|Any CPU
		{639E43A8-C798-456B-AA89-757F819B004A}.Test|Any CPU.Build.0 = Release|Any CPU
		{D3E33D9F-DCA5-4479-A5D0-1DFB1D277A91}.DEBUG_A|Any CPU.ActiveCfg = DEBUG_A|Any CPU
		{D3E33D9F-DCA5-4479-A5D0-1DFB1D277A91}.DEBUG_A|Any CPU.Build.0 = DEBUG_A|Any CPU
		{D3E33D9F-DCA5-4479-A5D0-1DFB1D277A91}.DEBUG_ALI|Any CPU.ActiveCfg = DEBUG_ALI|Any CPU
		{D3E33D9F-DCA5-4479-A5D0-1DFB1D277A91}.DEBUG_ALI|Any CPU.Build.0 = DEBUG_ALI|Any CPU
		{D3E33D9F-DCA5-4479-A5D0-1DFB1D277A91}.DEBUG_AND|Any CPU.ActiveCfg = DEBUG_AND|Any CPU
		{D3E33D9F-DCA5-4479-A5D0-1DFB1D277A91}.DEBUG_AND|Any CPU.Build.0 = DEBUG_AND|Any CPU
		{D3E33D9F-DCA5-4479-A5D0-1DFB1D277A91}.DEBUG_B|Any CPU.ActiveCfg = DEBUG_B|Any CPU
		{D3E33D9F-DCA5-4479-A5D0-1DFB1D277A91}.DEBUG_B|Any CPU.Build.0 = DEBUG_B|Any CPU
		{D3E33D9F-DCA5-4479-A5D0-1DFB1D277A91}.DEBUG_FAI|Any CPU.ActiveCfg = DEBUG_FAI|Any CPU
		{D3E33D9F-DCA5-4479-A5D0-1DFB1D277A91}.DEBUG_FAI|Any CPU.Build.0 = DEBUG_FAI|Any CPU
		{D3E33D9F-DCA5-4479-A5D0-1DFB1D277A91}.DEBUG_MUS|Any CPU.ActiveCfg = DEBUG_MUS|Any CPU
		{D3E33D9F-DCA5-4479-A5D0-1DFB1D277A91}.DEBUG_MUS|Any CPU.Build.0 = DEBUG_MUS|Any CPU
		{D3E33D9F-DCA5-4479-A5D0-1DFB1D277A91}.DEBUG_RAM_SOCIAL|Any CPU.ActiveCfg = DEBUG_RAM_SOCIAL|Any CPU
		{D3E33D9F-DCA5-4479-A5D0-1DFB1D277A91}.DEBUG_RAM_SOCIAL|Any CPU.Build.0 = DEBUG_RAM_SOCIAL|Any CPU
		{D3E33D9F-DCA5-4479-A5D0-1DFB1D277A91}.DEBUG_RAM|Any CPU.ActiveCfg = DEBUG_RAM|Any CPU
		{D3E33D9F-DCA5-4479-A5D0-1DFB1D277A91}.DEBUG_RAM|Any CPU.Build.0 = DEBUG_RAM|Any CPU
		{D3E33D9F-DCA5-4479-A5D0-1DFB1D277A91}.DEBUG_ZUB|Any CPU.ActiveCfg = DEBUG_ZUB|Any CPU
		{D3E33D9F-DCA5-4479-A5D0-1DFB1D277A91}.DEBUG_ZUB|Any CPU.Build.0 = DEBUG_ZUB|Any CPU
		{D3E33D9F-DCA5-4479-A5D0-1DFB1D277A91}.Debug|Any CPU.ActiveCfg = Debug|Any CPU
		{D3E33D9F-DCA5-4479-A5D0-1DFB1D277A91}.Debug|Any CPU.Build.0 = Debug|Any CPU
		{D3E33D9F-DCA5-4479-A5D0-1DFB1D277A91}.DebugMac|Any CPU.ActiveCfg = DEBUG_ZUB|Any CPU
		{D3E33D9F-DCA5-4479-A5D0-1DFB1D277A91}.DebugMac|Any CPU.Build.0 = DEBUG_ZUB|Any CPU
		{D3E33D9F-DCA5-4479-A5D0-1DFB1D277A91}.rDebug|Any CPU.ActiveCfg = rDebug|Any CPU
		{D3E33D9F-DCA5-4479-A5D0-1DFB1D277A91}.rDebug|Any CPU.Build.0 = rDebug|Any CPU
		{D3E33D9F-DCA5-4479-A5D0-1DFB1D277A91}.Release|Any CPU.ActiveCfg = Release|Any CPU
		{D3E33D9F-DCA5-4479-A5D0-1DFB1D277A91}.Release|Any CPU.Build.0 = Release|Any CPU
		{D3E33D9F-DCA5-4479-A5D0-1DFB1D277A91}.ReleaseMac|Any CPU.ActiveCfg = Release|Any CPU
		{D3E33D9F-DCA5-4479-A5D0-1DFB1D277A91}.ReleaseMac|Any CPU.Build.0 = Release|Any CPU
		{D3E33D9F-DCA5-4479-A5D0-1DFB1D277A91}.Test|Any CPU.ActiveCfg = Release|Any CPU
		{D3E33D9F-DCA5-4479-A5D0-1DFB1D277A91}.Test|Any CPU.Build.0 = Release|Any CPU
		{A4645E55-BE37-41EC-B31E-079E1762BB8A}.DEBUG_A|Any CPU.ActiveCfg = DEBUG_A|Any CPU
		{A4645E55-BE37-41EC-B31E-079E1762BB8A}.DEBUG_A|Any CPU.Build.0 = DEBUG_A|Any CPU
		{A4645E55-BE37-41EC-B31E-079E1762BB8A}.DEBUG_ALI|Any CPU.ActiveCfg = DEBUG_ALI|Any CPU
		{A4645E55-BE37-41EC-B31E-079E1762BB8A}.DEBUG_ALI|Any CPU.Build.0 = DEBUG_ALI|Any CPU
		{A4645E55-BE37-41EC-B31E-079E1762BB8A}.DEBUG_AND|Any CPU.ActiveCfg = DEBUG_AND|Any CPU
		{A4645E55-BE37-41EC-B31E-079E1762BB8A}.DEBUG_AND|Any CPU.Build.0 = DEBUG_AND|Any CPU
		{A4645E55-BE37-41EC-B31E-079E1762BB8A}.DEBUG_B|Any CPU.ActiveCfg = DEBUG_B|Any CPU
		{A4645E55-BE37-41EC-B31E-079E1762BB8A}.DEBUG_B|Any CPU.Build.0 = DEBUG_B|Any CPU
		{A4645E55-BE37-41EC-B31E-079E1762BB8A}.DEBUG_FAI|Any CPU.ActiveCfg = DEBUG_FAI|Any CPU
		{A4645E55-BE37-41EC-B31E-079E1762BB8A}.DEBUG_FAI|Any CPU.Build.0 = DEBUG_FAI|Any CPU
		{A4645E55-BE37-41EC-B31E-079E1762BB8A}.DEBUG_MUS|Any CPU.ActiveCfg = DEBUG_MUS|Any CPU
		{A4645E55-BE37-41EC-B31E-079E1762BB8A}.DEBUG_MUS|Any CPU.Build.0 = DEBUG_MUS|Any CPU
		{A4645E55-BE37-41EC-B31E-079E1762BB8A}.DEBUG_RAM_SOCIAL|Any CPU.ActiveCfg = DEBUG_RAM_SOCIAL|Any CPU
		{A4645E55-BE37-41EC-B31E-079E1762BB8A}.DEBUG_RAM_SOCIAL|Any CPU.Build.0 = DEBUG_RAM_SOCIAL|Any CPU
		{A4645E55-BE37-41EC-B31E-079E1762BB8A}.DEBUG_RAM|Any CPU.ActiveCfg = DEBUG_RAM|Any CPU
		{A4645E55-BE37-41EC-B31E-079E1762BB8A}.DEBUG_RAM|Any CPU.Build.0 = DEBUG_RAM|Any CPU
		{A4645E55-BE37-41EC-B31E-079E1762BB8A}.DEBUG_ZUB|Any CPU.ActiveCfg = DEBUG_ZUB|Any CPU
		{A4645E55-BE37-41EC-B31E-079E1762BB8A}.DEBUG_ZUB|Any CPU.Build.0 = DEBUG_ZUB|Any CPU
		{A4645E55-BE37-41EC-B31E-079E1762BB8A}.Debug|Any CPU.ActiveCfg = Debug|Any CPU
		{A4645E55-BE37-41EC-B31E-079E1762BB8A}.Debug|Any CPU.Build.0 = Debug|Any CPU
		{A4645E55-BE37-41EC-B31E-079E1762BB8A}.DebugMac|Any CPU.ActiveCfg = DEBUG_ZUB|Any CPU
		{A4645E55-BE37-41EC-B31E-079E1762BB8A}.DebugMac|Any CPU.Build.0 = DEBUG_ZUB|Any CPU
		{A4645E55-BE37-41EC-B31E-079E1762BB8A}.rDebug|Any CPU.ActiveCfg = rDebug|Any CPU
		{A4645E55-BE37-41EC-B31E-079E1762BB8A}.rDebug|Any CPU.Build.0 = rDebug|Any CPU
		{A4645E55-BE37-41EC-B31E-079E1762BB8A}.Release|Any CPU.ActiveCfg = Release|Any CPU
		{A4645E55-BE37-41EC-B31E-079E1762BB8A}.Release|Any CPU.Build.0 = Release|Any CPU
		{A4645E55-BE37-41EC-B31E-079E1762BB8A}.ReleaseMac|Any CPU.ActiveCfg = Release|Any CPU
		{A4645E55-BE37-41EC-B31E-079E1762BB8A}.ReleaseMac|Any CPU.Build.0 = Release|Any CPU
		{A4645E55-BE37-41EC-B31E-079E1762BB8A}.Test|Any CPU.ActiveCfg = Release|Any CPU
		{A4645E55-BE37-41EC-B31E-079E1762BB8A}.Test|Any CPU.Build.0 = Release|Any CPU
		{4DFDCA0B-817D-4674-A7C6-6F448897D287}.DEBUG_A|Any CPU.ActiveCfg = Debug|Any CPU
		{4DFDCA0B-817D-4674-A7C6-6F448897D287}.DEBUG_A|Any CPU.Build.0 = Debug|Any CPU
		{4DFDCA0B-817D-4674-A7C6-6F448897D287}.DEBUG_ALI|Any CPU.ActiveCfg = Debug|Any CPU
		{4DFDCA0B-817D-4674-A7C6-6F448897D287}.DEBUG_ALI|Any CPU.Build.0 = Debug|Any CPU
		{4DFDCA0B-817D-4674-A7C6-6F448897D287}.DEBUG_AND|Any CPU.ActiveCfg = Debug|Any CPU
		{4DFDCA0B-817D-4674-A7C6-6F448897D287}.DEBUG_AND|Any CPU.Build.0 = Debug|Any CPU
		{4DFDCA0B-817D-4674-A7C6-6F448897D287}.DEBUG_B|Any CPU.ActiveCfg = Debug|Any CPU
		{4DFDCA0B-817D-4674-A7C6-6F448897D287}.DEBUG_B|Any CPU.Build.0 = Debug|Any CPU
		{4DFDCA0B-817D-4674-A7C6-6F448897D287}.DEBUG_FAI|Any CPU.ActiveCfg = Debug|Any CPU
		{4DFDCA0B-817D-4674-A7C6-6F448897D287}.DEBUG_FAI|Any CPU.Build.0 = Debug|Any CPU
		{4DFDCA0B-817D-4674-A7C6-6F448897D287}.DEBUG_MUS|Any CPU.ActiveCfg = Debug|Any CPU
		{4DFDCA0B-817D-4674-A7C6-6F448897D287}.DEBUG_MUS|Any CPU.Build.0 = Debug|Any CPU
		{4DFDCA0B-817D-4674-A7C6-6F448897D287}.DEBUG_RAM_SOCIAL|Any CPU.ActiveCfg = Debug|Any CPU
		{4DFDCA0B-817D-4674-A7C6-6F448897D287}.DEBUG_RAM_SOCIAL|Any CPU.Build.0 = Debug|Any CPU
		{4DFDCA0B-817D-4674-A7C6-6F448897D287}.DEBUG_RAM|Any CPU.ActiveCfg = Debug|Any CPU
		{4DFDCA0B-817D-4674-A7C6-6F448897D287}.DEBUG_RAM|Any CPU.Build.0 = Debug|Any CPU
		{4DFDCA0B-817D-4674-A7C6-6F448897D287}.DEBUG_ZUB|Any CPU.ActiveCfg = Debug|Any CPU
		{4DFDCA0B-817D-4674-A7C6-6F448897D287}.DEBUG_ZUB|Any CPU.Build.0 = Debug|Any CPU
		{4DFDCA0B-817D-4674-A7C6-6F448897D287}.Debug|Any CPU.ActiveCfg = Debug|Any CPU
		{4DFDCA0B-817D-4674-A7C6-6F448897D287}.Debug|Any CPU.Build.0 = Debug|Any CPU
		{4DFDCA0B-817D-4674-A7C6-6F448897D287}.DebugMac|Any CPU.ActiveCfg = Debug|Any CPU
		{4DFDCA0B-817D-4674-A7C6-6F448897D287}.DebugMac|Any CPU.Build.0 = Debug|Any CPU
		{4DFDCA0B-817D-4674-A7C6-6F448897D287}.rDebug|Any CPU.ActiveCfg = Debug|Any CPU
		{4DFDCA0B-817D-4674-A7C6-6F448897D287}.rDebug|Any CPU.Build.0 = Debug|Any CPU
		{4DFDCA0B-817D-4674-A7C6-6F448897D287}.Release|Any CPU.ActiveCfg = Release|Any CPU
		{4DFDCA0B-817D-4674-A7C6-6F448897D287}.Release|Any CPU.Build.0 = Release|Any CPU
		{4DFDCA0B-817D-4674-A7C6-6F448897D287}.ReleaseMac|Any CPU.ActiveCfg = Release|Any CPU
		{4DFDCA0B-817D-4674-A7C6-6F448897D287}.ReleaseMac|Any CPU.Build.0 = Release|Any CPU
		{4DFDCA0B-817D-4674-A7C6-6F448897D287}.Test|Any CPU.ActiveCfg = Debug|Any CPU
		{4DFDCA0B-817D-4674-A7C6-6F448897D287}.Test|Any CPU.Build.0 = Debug|Any CPU
		{D2CDF6E5-FC02-49A5-BC79-C2D437C8209A}.DEBUG_A|Any CPU.ActiveCfg = Debug|Any CPU
		{D2CDF6E5-FC02-49A5-BC79-C2D437C8209A}.DEBUG_A|Any CPU.Build.0 = Debug|Any CPU
		{D2CDF6E5-FC02-49A5-BC79-C2D437C8209A}.DEBUG_ALI|Any CPU.ActiveCfg = Debug|Any CPU
		{D2CDF6E5-FC02-49A5-BC79-C2D437C8209A}.DEBUG_ALI|Any CPU.Build.0 = Debug|Any CPU
		{D2CDF6E5-FC02-49A5-BC79-C2D437C8209A}.DEBUG_AND|Any CPU.ActiveCfg = Debug|Any CPU
		{D2CDF6E5-FC02-49A5-BC79-C2D437C8209A}.DEBUG_AND|Any CPU.Build.0 = Debug|Any CPU
		{D2CDF6E5-FC02-49A5-BC79-C2D437C8209A}.DEBUG_B|Any CPU.ActiveCfg = Debug|Any CPU
		{D2CDF6E5-FC02-49A5-BC79-C2D437C8209A}.DEBUG_B|Any CPU.Build.0 = Debug|Any CPU
		{D2CDF6E5-FC02-49A5-BC79-C2D437C8209A}.DEBUG_FAI|Any CPU.ActiveCfg = Debug|Any CPU
		{D2CDF6E5-FC02-49A5-BC79-C2D437C8209A}.DEBUG_FAI|Any CPU.Build.0 = Debug|Any CPU
		{D2CDF6E5-FC02-49A5-BC79-C2D437C8209A}.DEBUG_MUS|Any CPU.ActiveCfg = Debug|Any CPU
		{D2CDF6E5-FC02-49A5-BC79-C2D437C8209A}.DEBUG_MUS|Any CPU.Build.0 = Debug|Any CPU
		{D2CDF6E5-FC02-49A5-BC79-C2D437C8209A}.DEBUG_RAM_SOCIAL|Any CPU.ActiveCfg = Debug|Any CPU
		{D2CDF6E5-FC02-49A5-BC79-C2D437C8209A}.DEBUG_RAM_SOCIAL|Any CPU.Build.0 = Debug|Any CPU
		{D2CDF6E5-FC02-49A5-BC79-C2D437C8209A}.DEBUG_RAM|Any CPU.ActiveCfg = Debug|Any CPU
		{D2CDF6E5-FC02-49A5-BC79-C2D437C8209A}.DEBUG_RAM|Any CPU.Build.0 = Debug|Any CPU
		{D2CDF6E5-FC02-49A5-BC79-C2D437C8209A}.DEBUG_ZUB|Any CPU.ActiveCfg = Debug|Any CPU
		{D2CDF6E5-FC02-49A5-BC79-C2D437C8209A}.DEBUG_ZUB|Any CPU.Build.0 = Debug|Any CPU
		{D2CDF6E5-FC02-49A5-BC79-C2D437C8209A}.Debug|Any CPU.ActiveCfg = Debug|Any CPU
		{D2CDF6E5-FC02-49A5-BC79-C2D437C8209A}.Debug|Any CPU.Build.0 = Debug|Any CPU
		{D2CDF6E5-FC02-49A5-BC79-C2D437C8209A}.DebugMac|Any CPU.ActiveCfg = Debug|Any CPU
		{D2CDF6E5-FC02-49A5-BC79-C2D437C8209A}.DebugMac|Any CPU.Build.0 = Debug|Any CPU
		{D2CDF6E5-FC02-49A5-BC79-C2D437C8209A}.rDebug|Any CPU.ActiveCfg = Debug|Any CPU
		{D2CDF6E5-FC02-49A5-BC79-C2D437C8209A}.rDebug|Any CPU.Build.0 = Debug|Any CPU
		{D2CDF6E5-FC02-49A5-BC79-C2D437C8209A}.Release|Any CPU.ActiveCfg = Release|Any CPU
		{D2CDF6E5-FC02-49A5-BC79-C2D437C8209A}.Release|Any CPU.Build.0 = Release|Any CPU
		{D2CDF6E5-FC02-49A5-BC79-C2D437C8209A}.ReleaseMac|Any CPU.ActiveCfg = Release|Any CPU
		{D2CDF6E5-FC02-49A5-BC79-C2D437C8209A}.ReleaseMac|Any CPU.Build.0 = Release|Any CPU
		{D2CDF6E5-FC02-49A5-BC79-C2D437C8209A}.Test|Any CPU.ActiveCfg = Debug|Any CPU
		{D2CDF6E5-FC02-49A5-BC79-C2D437C8209A}.Test|Any CPU.Build.0 = Debug|Any CPU
		{7D368FD3-4FA2-44C2-A7AF-C376C34AA888}.DEBUG_A|Any CPU.ActiveCfg = DebugMac|Any CPU
		{7D368FD3-4FA2-44C2-A7AF-C376C34AA888}.DEBUG_A|Any CPU.Build.0 = DebugMac|Any CPU
		{7D368FD3-4FA2-44C2-A7AF-C376C34AA888}.DEBUG_ALI|Any CPU.ActiveCfg = DebugMac|Any CPU
		{7D368FD3-4FA2-44C2-A7AF-C376C34AA888}.DEBUG_ALI|Any CPU.Build.0 = DebugMac|Any CPU
		{7D368FD3-4FA2-44C2-A7AF-C376C34AA888}.DEBUG_AND|Any CPU.ActiveCfg = DebugMac|Any CPU
		{7D368FD3-4FA2-44C2-A7AF-C376C34AA888}.DEBUG_AND|Any CPU.Build.0 = DebugMac|Any CPU
		{7D368FD3-4FA2-44C2-A7AF-C376C34AA888}.DEBUG_B|Any CPU.ActiveCfg = DebugMac|Any CPU
		{7D368FD3-4FA2-44C2-A7AF-C376C34AA888}.DEBUG_B|Any CPU.Build.0 = DebugMac|Any CPU
		{7D368FD3-4FA2-44C2-A7AF-C376C34AA888}.DEBUG_FAI|Any CPU.ActiveCfg = DebugMac|Any CPU
		{7D368FD3-4FA2-44C2-A7AF-C376C34AA888}.DEBUG_FAI|Any CPU.Build.0 = DebugMac|Any CPU
		{7D368FD3-4FA2-44C2-A7AF-C376C34AA888}.DEBUG_MUS|Any CPU.ActiveCfg = DebugMac|Any CPU
		{7D368FD3-4FA2-44C2-A7AF-C376C34AA888}.DEBUG_MUS|Any CPU.Build.0 = DebugMac|Any CPU
		{7D368FD3-4FA2-44C2-A7AF-C376C34AA888}.DEBUG_RAM_SOCIAL|Any CPU.ActiveCfg = DebugMac|Any CPU
		{7D368FD3-4FA2-44C2-A7AF-C376C34AA888}.DEBUG_RAM_SOCIAL|Any CPU.Build.0 = DebugMac|Any CPU
		{7D368FD3-4FA2-44C2-A7AF-C376C34AA888}.DEBUG_RAM|Any CPU.ActiveCfg = DebugMac|Any CPU
		{7D368FD3-4FA2-44C2-A7AF-C376C34AA888}.DEBUG_RAM|Any CPU.Build.0 = DebugMac|Any CPU
		{7D368FD3-4FA2-44C2-A7AF-C376C34AA888}.DEBUG_ZUB|Any CPU.ActiveCfg = DebugMac|Any CPU
		{7D368FD3-4FA2-44C2-A7AF-C376C34AA888}.DEBUG_ZUB|Any CPU.Build.0 = DebugMac|Any CPU
		{7D368FD3-4FA2-44C2-A7AF-C376C34AA888}.Debug|Any CPU.ActiveCfg = Debug|Any CPU
		{7D368FD3-4FA2-44C2-A7AF-C376C34AA888}.Debug|Any CPU.Build.0 = Debug|Any CPU
		{7D368FD3-4FA2-44C2-A7AF-C376C34AA888}.DebugMac|Any CPU.ActiveCfg = DebugMac|Any CPU
		{7D368FD3-4FA2-44C2-A7AF-C376C34AA888}.DebugMac|Any CPU.Build.0 = DebugMac|Any CPU
		{7D368FD3-4FA2-44C2-A7AF-C376C34AA888}.rDebug|Any CPU.ActiveCfg = Debug|Any CPU
		{7D368FD3-4FA2-44C2-A7AF-C376C34AA888}.rDebug|Any CPU.Build.0 = Debug|Any CPU
		{7D368FD3-4FA2-44C2-A7AF-C376C34AA888}.Release|Any CPU.ActiveCfg = Release|Any CPU
		{7D368FD3-4FA2-44C2-A7AF-C376C34AA888}.Release|Any CPU.Build.0 = Release|Any CPU
		{7D368FD3-4FA2-44C2-A7AF-C376C34AA888}.ReleaseMac|Any CPU.ActiveCfg = ReleaseMac|Any CPU
		{7D368FD3-4FA2-44C2-A7AF-C376C34AA888}.ReleaseMac|Any CPU.Build.0 = ReleaseMac|Any CPU
		{7D368FD3-4FA2-44C2-A7AF-C376C34AA888}.Test|Any CPU.ActiveCfg = Test|Any CPU
		{7D368FD3-4FA2-44C2-A7AF-C376C34AA888}.Test|Any CPU.Build.0 = Test|Any CPU
	EndGlobalSection
	GlobalSection(SolutionProperties) = preSolution
		HideSolutionNode = FALSE
	EndGlobalSection
	GlobalSection(ExtensibilityGlobals) = postSolution
		SolutionGuid = {A975BDD5-E73F-4D29-8038-F2B2080AAF10}
	EndGlobalSection
EndGlobal
